
Microsoft Visual Studio Solution File, Format Version 12.00
# Visual Studio Version 16
VisualStudioVersion = 25.0.1706.12
MinimumVisualStudioVersion = 10.0.40219.1
Project("{FAE04EC0-301F-11D3-BF4B-00C04F79EFBC}") = "FreightControlMaui", "FreightControlMaui\FreightControlMaui.csproj", "{14219BD5-AF48-4D2F-AF89-8BA3E968A4F0}"
EndProject
Global
	GlobalSection(SolutionConfigurationPlatforms) = preSolution
		Debug|Any CPU = Debug|Any CPU
		Release|Any CPU = Release|Any CPU
	EndGlobalSection
	GlobalSection(ProjectConfigurationPlatforms) = postSolution
		{14219BD5-AF48-4D2F-AF89-8BA3E968A4F0}.Debug|Any CPU.ActiveCfg = Debug|Any CPU
		{14219BD5-AF48-4D2F-AF89-8BA3E968A4F0}.Debug|Any CPU.Build.0 = Debug|Any CPU
		{14219BD5-AF48-4D2F-AF89-8BA3E968A4F0}.Release|Any CPU.ActiveCfg = Release|Any CPU
		{14219BD5-AF48-4D2F-AF89-8BA3E968A4F0}.Release|Any CPU.Build.0 = Release|Any CPU
	EndGlobalSection
	GlobalSection(SolutionProperties) = preSolution
		HideSolutionNode = FALSE
	EndGlobalSection
	GlobalSection(ExtensibilityGlobals) = postSolution
		SolutionGuid = {AE699BD5-A12E-4C80-AC54-DC73D4F85F37}
	EndGlobalSection
EndGlobal
